<Solution>
  <Folder Name="/src/">
    <Project Path="src/TikTokAudio.Domain/TikTokAudio.Domain.csproj" />
    <Project Path="src/TikTokAudio.Application/TikTokAudio.Application.csproj" />
    <Project Path="src/TikTokAudio.Infrastructure/TikTokAudio.Infrastructure.csproj" />
    <Project Path="src/TikTokAudio.Desktop/TikTokAudio.Desktop.csproj" />
  </Folder>
  <Folder Name="/tests/">
    <Project Path="tests/TikTokAudio.Application.Tests/TikTokAudio.Application.Tests.csproj" />
  </Folder>
</Solution>
